
Microsoft Visual Studio Solution File, Format Version 11.00
# Visual Studio 2010
Project("{FAE04EC0-301F-11D3-BF4B-00C04F79EFBC}") = "DataModel", "DataModel\DataModel.csproj", "{4B8A418A-482D-4631-A605-938D52BDF8BC}"
EndProject
Project("{FAE04EC0-301F-11D3-BF4B-00C04F79EFBC}") = "AnimalMovement", "AnimalMovement\AnimalMovement.csproj", "{13F68A3E-F10E-4769-93D0-BAE7052B0E26}"
EndProject
Project("{FAE04EC0-301F-11D3-BF4B-00C04F79EFBC}") = "QueryLayerBuilder", "QueryLayerBuilder\QueryLayerBuilder.csproj", "{B1EF3AD5-C73C-4DEA-A603-6B2A68D136EB}"
EndProject
Project("{FAE04EC0-301F-11D3-BF4B-00C04F79EFBC}") = "ArcMap_Addin", "ArcMap_Addin\ArcMap_Addin.csproj", "{517810C9-BD72-495D-949C-C843FD4835D9}"
EndProject
Project("{FAE04EC0-301F-11D3-BF4B-00C04F79EFBC}") = "SqlServerExtensions", "SqlServerExtensions\SqlServerExtensions.csproj", "{FA959BF8-BE00-4BBE-A3B0-27AC4CB631DB}"
EndProject
Project("{FAE04EC0-301F-11D3-BF4B-00C04F79EFBC}") = "TpfFilesSummerizer", "TpfFilesSummerizer\TpfFilesSummerizer.csproj", "{0519216A-0CF3-497D-A093-EEC24A92945B}"
EndProject
Global
	GlobalSection(SolutionConfigurationPlatforms) = preSolution
		Debug|Any CPU = Debug|Any CPU
		Debug|Mixed Platforms = Debug|Mixed Platforms
		Debug|x86 = Debug|x86
		Release|Any CPU = Release|Any CPU
		Release|Mixed Platforms = Release|Mixed Platforms
		Release|x86 = Release|x86
	EndGlobalSection
	GlobalSection(ProjectConfigurationPlatforms) = postSolution
		{4B8A418A-482D-4631-A605-938D52BDF8BC}.Debug|Any CPU.ActiveCfg = Release|Any CPU
		{4B8A418A-482D-4631-A605-938D52BDF8BC}.Debug|Any CPU.Build.0 = Release|Any CPU
		{4B8A418A-482D-4631-A605-938D52BDF8BC}.Debug|Mixed Platforms.ActiveCfg = Debug|Any CPU
		{4B8A418A-482D-4631-A605-938D52BDF8BC}.Debug|Mixed Platforms.Build.0 = Debug|Any CPU
		{4B8A418A-482D-4631-A605-938D52BDF8BC}.Debug|x86.ActiveCfg = Debug|Any CPU
		{4B8A418A-482D-4631-A605-938D52BDF8BC}.Release|Any CPU.ActiveCfg = Release|Any CPU
		{4B8A418A-482D-4631-A605-938D52BDF8BC}.Release|Any CPU.Build.0 = Release|Any CPU
		{4B8A418A-482D-4631-A605-938D52BDF8BC}.Release|Mixed Platforms.ActiveCfg = Release|Any CPU
		{4B8A418A-482D-4631-A605-938D52BDF8BC}.Release|Mixed Platforms.Build.0 = Release|Any CPU
		{4B8A418A-482D-4631-A605-938D52BDF8BC}.Release|x86.ActiveCfg = Release|Any CPU
		{13F68A3E-F10E-4769-93D0-BAE7052B0E26}.Debug|Any CPU.ActiveCfg = Release|Any CPU
		{13F68A3E-F10E-4769-93D0-BAE7052B0E26}.Debug|Any CPU.Build.0 = Release|Any CPU
		{13F68A3E-F10E-4769-93D0-BAE7052B0E26}.Debug|Mixed Platforms.ActiveCfg = Debug|Any CPU
		{13F68A3E-F10E-4769-93D0-BAE7052B0E26}.Debug|Mixed Platforms.Build.0 = Debug|Any CPU
		{13F68A3E-F10E-4769-93D0-BAE7052B0E26}.Debug|x86.ActiveCfg = Debug|Any CPU
		{13F68A3E-F10E-4769-93D0-BAE7052B0E26}.Release|Any CPU.ActiveCfg = Release|Any CPU
		{13F68A3E-F10E-4769-93D0-BAE7052B0E26}.Release|Any CPU.Build.0 = Release|Any CPU
		{13F68A3E-F10E-4769-93D0-BAE7052B0E26}.Release|Mixed Platforms.ActiveCfg = Release|Any CPU
		{13F68A3E-F10E-4769-93D0-BAE7052B0E26}.Release|Mixed Platforms.Build.0 = Release|Any CPU
		{13F68A3E-F10E-4769-93D0-BAE7052B0E26}.Release|x86.ActiveCfg = Release|Any CPU
		{B1EF3AD5-C73C-4DEA-A603-6B2A68D136EB}.Debug|Any CPU.ActiveCfg = Release|x86
		{B1EF3AD5-C73C-4DEA-A603-6B2A68D136EB}.Debug|Mixed Platforms.ActiveCfg = Debug|x86
		{B1EF3AD5-C73C-4DEA-A603-6B2A68D136EB}.Debug|Mixed Platforms.Build.0 = Debug|x86
		{B1EF3AD5-C73C-4DEA-A603-6B2A68D136EB}.Debug|x86.ActiveCfg = Debug|x86
		{B1EF3AD5-C73C-4DEA-A603-6B2A68D136EB}.Debug|x86.Build.0 = Debug|x86
		{B1EF3AD5-C73C-4DEA-A603-6B2A68D136EB}.Release|Any CPU.ActiveCfg = Release|x86
		{B1EF3AD5-C73C-4DEA-A603-6B2A68D136EB}.Release|Mixed Platforms.ActiveCfg = Release|x86
		{B1EF3AD5-C73C-4DEA-A603-6B2A68D136EB}.Release|Mixed Platforms.Build.0 = Release|x86
		{B1EF3AD5-C73C-4DEA-A603-6B2A68D136EB}.Release|x86.ActiveCfg = Release|x86
		{B1EF3AD5-C73C-4DEA-A603-6B2A68D136EB}.Release|x86.Build.0 = Release|x86
		{517810C9-BD72-495D-949C-C843FD4835D9}.Debug|Any CPU.ActiveCfg = Release|Any CPU
		{517810C9-BD72-495D-949C-C843FD4835D9}.Debug|Any CPU.Build.0 = Release|Any CPU
		{517810C9-BD72-495D-949C-C843FD4835D9}.Debug|Mixed Platforms.ActiveCfg = Debug|Any CPU
		{517810C9-BD72-495D-949C-C843FD4835D9}.Debug|Mixed Platforms.Build.0 = Debug|Any CPU
		{517810C9-BD72-495D-949C-C843FD4835D9}.Debug|x86.ActiveCfg = Debug|Any CPU
		{517810C9-BD72-495D-949C-C843FD4835D9}.Release|Any CPU.ActiveCfg = Release|Any CPU
		{517810C9-BD72-495D-949C-C843FD4835D9}.Release|Any CPU.Build.0 = Release|Any CPU
		{517810C9-BD72-495D-949C-C843FD4835D9}.Release|Mixed Platforms.ActiveCfg = Release|Any CPU
		{517810C9-BD72-495D-949C-C843FD4835D9}.Release|Mixed Platforms.Build.0 = Release|Any CPU
		{517810C9-BD72-495D-949C-C843FD4835D9}.Release|x86.ActiveCfg = Release|Any CPU
		{FA959BF8-BE00-4BBE-A3B0-27AC4CB631DB}.Debug|Any CPU.ActiveCfg = Release|Any CPU
		{FA959BF8-BE00-4BBE-A3B0-27AC4CB631DB}.Debug|Any CPU.Build.0 = Release|Any CPU
		{FA959BF8-BE00-4BBE-A3B0-27AC4CB631DB}.Debug|Mixed Platforms.ActiveCfg = Debug|Any CPU
		{FA959BF8-BE00-4BBE-A3B0-27AC4CB631DB}.Debug|Mixed Platforms.Build.0 = Debug|Any CPU
		{FA959BF8-BE00-4BBE-A3B0-27AC4CB631DB}.Debug|x86.ActiveCfg = Debug|Any CPU
		{FA959BF8-BE00-4BBE-A3B0-27AC4CB631DB}.Release|Any CPU.ActiveCfg = Release|Any CPU
		{FA959BF8-BE00-4BBE-A3B0-27AC4CB631DB}.Release|Any CPU.Build.0 = Release|Any CPU
		{FA959BF8-BE00-4BBE-A3B0-27AC4CB631DB}.Release|Mixed Platforms.ActiveCfg = Release|Any CPU
		{FA959BF8-BE00-4BBE-A3B0-27AC4CB631DB}.Release|Mixed Platforms.Build.0 = Release|Any CPU
		{FA959BF8-BE00-4BBE-A3B0-27AC4CB631DB}.Release|x86.ActiveCfg = Release|Any CPU
		{0519216A-0CF3-497D-A093-EEC24A92945B}.Debug|Any CPU.ActiveCfg = Release|Any CPU
		{0519216A-0CF3-497D-A093-EEC24A92945B}.Debug|Any CPU.Build.0 = Release|Any CPU
		{0519216A-0CF3-497D-A093-EEC24A92945B}.Debug|Mixed Platforms.ActiveCfg = Debug|Any CPU
		{0519216A-0CF3-497D-A093-EEC24A92945B}.Debug|Mixed Platforms.Build.0 = Debug|Any CPU
		{0519216A-0CF3-497D-A093-EEC24A92945B}.Debug|x86.ActiveCfg = Debug|Any CPU
		{0519216A-0CF3-497D-A093-EEC24A92945B}.Release|Any CPU.ActiveCfg = Release|Any CPU
		{0519216A-0CF3-497D-A093-EEC24A92945B}.Release|Any CPU.Build.0 = Release|Any CPU
		{0519216A-0CF3-497D-A093-EEC24A92945B}.Release|Mixed Platforms.ActiveCfg = Release|Any CPU
		{0519216A-0CF3-497D-A093-EEC24A92945B}.Release|Mixed Platforms.Build.0 = Release|Any CPU
		{0519216A-0CF3-497D-A093-EEC24A92945B}.Release|x86.ActiveCfg = Release|Any CPU
		{0519216A-0CF3-497D-A093-EEC24A92945B}.Release|x86.Build.0 = Release|x86
	EndGlobalSection
	GlobalSection(SolutionProperties) = preSolution
		HideSolutionNode = FALSE
	EndGlobalSection
EndGlobal
